{
  "nodes": {
    "fadec-src": {
      "flake": false,
      "locked": {
        "lastModified": 1688307171,
        "narHash": "sha256-uje/mRj7WijOU6eUhvubyBiFlgK/1cZvnRg3hfYgaV4=",
        "owner": "aengelke",
        "repo": "fadec",
        "rev": "4ac9b8e12e488d061bbca70502e6798da69992d3",
        "type": "github"
      },
      "original": {
        "owner": "aengelke",
        "repo": "fadec",
        "type": "github"
      }
    },
    "flake-utils": {
      "inputs": {
        "systems": "systems"
      },
      "locked": {
        "lastModified": 1701680307,
        "narHash": "sha256-kAuep2h5ajznlPMD9rnQyffWG8EM/C73lejGofXvdM8=",
        "owner": "numtide",
        "repo": "flake-utils",
        "rev": "4022d587cbbfd70fe950c1e2083a02621806a725",
        "type": "github"
      },
      "original": {
        "owner": "numtide",
        "repo": "flake-utils",
        "type": "github"
      }
    },
    "mbuild-src": {
      "flake": false,
      "locked": {
        "lastModified": 1696509461,
        "narHash": "sha256-GjBEnMZh3T2k3Xoa/D2HLMZT1wTPcRRlSpjm1bBM2WE=",
        "owner": "intelxed",
        "repo": "mbuild",
        "rev": "c07bd90b71c608c615a7fa643d373f11ba355a24",
        "type": "github"
      },
      "original": {
        "owner": "intelxed",
        "repo": "mbuild",
        "type": "github"
      }
    },
    "nixpkgs": {
      "locked": {
        "lastModified": 1722141560,
        "narHash": "sha256-Ul3rIdesWaiW56PS/Ak3UlJdkwBrD4UcagCmXZR9Z7Y=",
        "owner": "NixOS",
        "repo": "nixpkgs",
        "rev": "038fb464fcfa79b4f08131b07f2d8c9a6bcc4160",
        "type": "github"
      },
      "original": {
        "owner": "NixOS",
        "ref": "nixpkgs-unstable",
        "repo": "nixpkgs",
        "type": "github"
      }
    },
    "root": {
      "inputs": {
        "fadec-src": "fadec-src",
        "flake-utils": "flake-utils",
        "mbuild-src": "mbuild-src",
        "nixpkgs": "nixpkgs",
        "xed-src": "xed-src"
      }
    },
    "systems": {
      "locked": {
        "lastModified": 1681028828,
        "narHash": "sha256-Vy1rq5AaRuLzOxct8nz4T6wlgyUR7zLU309k9mBC768=",
        "owner": "nix-systems",
        "repo": "default",
        "rev": "da67096a3b9bf56a91d16901293e51ba5b49a27e",
        "type": "github"
      },
      "original": {
        "owner": "nix-systems",
        "repo": "default",
        "type": "github"
      }
    },
    "xed-src": {
      "flake": false,
      "locked": {
        "lastModified": 1703097202,
        "narHash": "sha256-xtegQroruk8DOKz5ybe5HZSo+HPCl6dn8xRgXGh0uSg=",
        "owner": "intelxed",
        "repo": "xed",
        "rev": "2b5c29a1ab4ede026050c857306912da77503eaf",
        "type": "github"
      },
      "original": {
        "owner": "intelxed",
        "repo": "xed",
        "type": "github"
      }
    }
  },
  "root": "root",
  "version": 7
}
